# THIS IS AN AUTOGENERATED FILE. DO NOT EDIT THIS FILE DIRECTLY.
# yarn lockfile v1


"@types/lodash-es@^4.17.12":
  version "4.17.12"
  resolved "https://registry.yarnpkg.com/@types/lodash-es/-/lodash-es-4.17.12.tgz#65f6d1e5f80539aa7cfbfc962de5def0cf4f341b"
  integrity sha512-0NgftHUcV4v34VhXm8QBSftKVXtbkBG3ViCjs6+eJ5a6y6Mi/jiFGPc1sC7QK+9BFhWrURE3EOggmWaSxL9OzQ==
  dependencies:
    "@types/lodash" "*"

"@types/lodash@*":
  version "4.17.24"
  resolved "https://registry.yarnpkg.com/@types/lodash/-/lodash-4.17.24.tgz#4ae334fc62c0e915ca8ed8e35dcc6d4eeb29215f"
  integrity sha512-gIW7lQLZbue7lRSWEFql49QJJWThrTFFeIMJdp3eH4tKoxm1OvEPg02rm4wCCSHS0cL3/Fizimb35b7k8atwsQ==

lodash-es@^4.17.23:
  version "4.17.23"
  resolved "https://registry.yarnpkg.com/lodash-es/-/lodash-es-4.17.23.tgz#58c4360fd1b5d33afc6c0bbd3d1149349b1138e0"
  integrity sha512-kVI48u3PZr38HdYz98UmfPnXl2DXrpdctLrFLCd3kOx1xUkOmpFPx7gCWWM5MPkL/fD8zb+Ph0QzjGFs4+hHWg==

nanoid@^5.1.7:
  version "5.1.7"
  resolved "https://registry.yarnpkg.com/nanoid/-/nanoid-5.1.7.tgz#a9f09a4ce73ba0b88830af36ee49666bad7827b6"
  integrity sha512-ua3NDgISf6jdwezAheMOk4mbE1LXjm1DfMUDMuJf4AqxLFK3ccGpgWizwa5YV7Yz9EpXwEaWoRXSb/BnV0t5dQ==
